// !$*UTF8*$!
{
	archiveVersion = 1;
	classes = {
	};
	objectVersion = 46;
	objects = {

/* Begin PBXBuildFile section */
		A3B3A8511CDA2A0300646CF9 /* AppDelegate.swift in Sources */ = {isa = PBXBuildFile; fileRef = A3B3A8501CDA2A0300646CF9 /* AppDelegate.swift */; };
		A3B3A8531CDA2A0300646CF9 /* ViewController.swift in Sources */ = {isa = PBXBuildFile; fileRef = A3B3A8521CDA2A0300646CF9 /* ViewController.swift */; };
		A3B3A8561CDA2A0300646CF9 /* Main.storyboard in Resources */ = {isa = PBXBuildFile; fileRef = A3B3A8541CDA2A0300646CF9 /* Main.storyboard */; };
		A3B3A8581CDA2A0300646CF9 /* Assets.xcassets in Resources */ = {isa = PBXBuildFile; fileRef = A3B3A8571CDA2A0300646CF9 /* Assets.xcassets */; };
		A3B3A85B1CDA2A0300646CF9 /* LaunchScreen.storyboard in Resources */ = {isa = PBXBuildFile; fileRef = A3B3A8591CDA2A0300646CF9 /* LaunchScreen.storyboard */; };
		A3B3A8631CDA371800646CF9 /* DetailVC.swift in Sources */ = {isa = PBXBuildFile; fileRef = A3B3A8621CDA371800646CF9 /* DetailVC.swift */; };
/* End PBXBuildFile section */

/* Begin PBXFileReference section */
		A3B3A84D1CDA2A0300646CF9 /* favorite-place.app */ = {isa = PBXFileReference; explicitFileType = wrapper.application; includeInIndex = 0; path = "favorite-place.app"; sourceTree = BUILT_PRODUCTS_DIR; };
		A3B3A8501CDA2A0300646CF9 /* AppDelegate.swift */ = {isa = PBXFileReference; lastKnownFileType = sourcecode.swift; path = AppDelegate.swift; sourceTree = "<group>"; };
		A3B3A8521CDA2A0300646CF9 /* ViewController.swift */ = {isa = PBXFileReference; lastKnownFileType = sourcecode.swift; path = ViewController.swift; sourceTree = "<group>"; };
		A3B3A8551CDA2A0300646CF9 /* Base */ = {isa = PBXFileReference; lastKnownFileType = file.storyboard; name = Base; path = Base.lproj/Main.storyboard; sourceTree = "<group>"; };
		A3B3A8571CDA2A0300646CF9 /* Assets.xcassets */ = {isa = PBXFileReference; lastKnownFileType = folder.assetcatalog; path = Assets.xcassets; sourceTree = "<group>"; };
		A3B3A85A1CDA2A0300646CF9 /* Base */ = {isa = PBXFileReference; lastKnownFileType = file.storyboard; name = Base; path = Base.lproj/LaunchScreen.storyboard; sourceTree = "<group>"; };
		A3B3A85C1CDA2A0300646CF9 /* Info.plist */ = {isa = PBXFileReference; lastKnownFileType = text.plist.xml; path = Info.plist; sourceTree = "<group>"; };
		A3B3A8621CDA371800646CF9 /* DetailVC.swift */ = {isa = PBXFileReference; fileEncoding = 4; lastKnownFileType = sourcecode.swift; path = DetailVC.swift; sourceTree = "<group>"; };
/* End PBXFileReference section */

/* Begin PBXFrameworksBuildPhase section */
		A3B3A84A1CDA2A0300646CF9 /* Frameworks */ = {
			isa = PBXFrameworksBuildPhase;
			buildActionMask = 2147483647;
			files = (
			);
			runOnlyForDeploymentPostprocessing = 0;
		};
/* End PBXFrameworksBuildPhase section */

/* Begin PBXGroup section */
		A3B3A8441CDA2A0300646CF9 = {
			isa = PBXGroup;
			children = (
				A3B3A84F1CDA2A0300646CF9 /* favorite-place */,
				A3B3A84E1CDA2A0300646CF9 /* Products */,
			);
			sourceTree = "<group>";
		};
		A3B3A84E1CDA2A0300646CF9 /* Products */ = {
			isa = PBXGroup;
			children = (
				A3B3A84D1CDA2A0300646CF9 /* favorite-place.app */,
			);
			name = Products;
			sourceTree = "<group>";
		};
		A3B3A84F1CDA2A0300646CF9 /* favorite-place */ = {
			isa = PBXGroup;
			children = (
				A3B3A8501CDA2A0300646CF9 /* AppDelegate.swift */,
				A3B3A8521CDA2A0300646CF9 /* ViewController.swift */,
				A3B3A8541CDA2A0300646CF9 /* Main.storyboard */,
				A3B3A8571CDA2A0300646CF9 /* Assets.xcassets */,
				A3B3A8591CDA2A0300646CF9 /* LaunchScreen.storyboard */,
				A3B3A85C1CDA2A0300646CF9 /* Info.plist */,
				A3B3A8621CDA371800646CF9 /* DetailVC.swift */,
			);
			path = "favorite-place";
			sourceTree = "<group>";
		};
/* End PBXGroup section */

/* Begin PBXNativeTarget section */
		A3B3A84C1CDA2A0300646CF9 /* favorite-place */ = {
			isa = PBXNativeTarget;
			buildConfigurationList = A3B3A85F1CDA2A0300646CF9 /* Build configuration list for PBXNativeTarget "favorite-place" */;
			buildPhases = (
				A3B3A8491CDA2A0300646CF9 /* Sources */,
				A3B3A84A1CDA2A0300646CF9 /* Frameworks */,
				A3B3A84B1CDA2A0300646CF9 /* Resources */,
			);
			buildRules = (
			);
			dependencies = (
			);
			name = "favorite-place";
			productName = "favorite-place";
			productReference = A3B3A84D1CDA2A0300646CF9 /* favorite-place.app */;
			productType = "com.apple.product-type.application";
		};
/* End PBXNativeTarget section */

/* Begin PBXProject section */
		A3B3A8451CDA2A0300646CF9 /* Project object */ = {
			isa = PBXProject;
			attributes = {
				LastSwiftUpdateCheck = 0730;
				LastUpgradeCheck = 0730;
				ORGANIZATIONNAME = Techinator;
				TargetAttributes = {
					A3B3A84C1CDA2A0300646CF9 = {
						CreatedOnToolsVersion = 7.3;
						DevelopmentTeam = KMTZDB3J22;
					};
				};
			};
			buildConfigurationList = A3B3A8481CDA2A0300646CF9 /* Build configuration list for PBXProject "favorite-place" */;
			compatibilityVersion = "Xcode 3.2";
			developmentRegion = English;
			hasScannedForEncodings = 0;
			knownRegions = (
				en,
				Base,
			);
			mainGroup = A3B3A8441CDA2A0300646CF9;
			productRefGroup = A3B3A84E1CDA2A0300646CF9 /* Products */;
			projectDirPath = "";
			projectRoot = "";
			targets = (
				A3B3A84C1CDA2A0300646CF9 /* favorite-place */,
			);
		};
/* End PBXProject section */

/* Begin PBXResourcesBuildPhase section */
		A3B3A84B1CDA2A0300646CF9 /* Resources */ = {
			isa = PBXResourcesBuildPhase;
			buildActionMask = 2147483647;
			files = (
				A3B3A85B1CDA2A0300646CF9 /* LaunchScreen.storyboard in Resources */,
				A3B3A8581CDA2A0300646CF9 /* Assets.xcassets in Resources */,
				A3B3A8561CDA2A0300646CF9 /* Main.storyboard in Resources */,
			);
			runOnlyForDeploymentPostprocessing = 0;
		};
/* End PBXResourcesBuildPhase section */

/* Begin PBXSourcesBuildPhase section */
		A3B3A8491CDA2A0300646CF9 /* Sources */ = {
			isa = PBXSourcesBuildPhase;
			buildActionMask = 2147483647;
			files = (
				A3B3A8531CDA2A0300646CF9 /* ViewController.swift in Sources */,
				A3B3A8511CDA2A0300646CF9 /* AppDelegate.swift in Sources */,
				A3B3A8631CDA371800646CF9 /* DetailVC.swift in Sources */,
			);
			runOnlyForDeploymentPostprocessing = 0;
		};
/* End PBXSourcesBuildPhase section */

/* Begin PBXVariantGroup section */
		A3B3A8541CDA2A0300646CF9 /* Main.storyboard */ = {
			isa = PBXVariantGroup;
			children = (
				A3B3A8551CDA2A0300646CF9 /* Base */,
			);
			name = Main.storyboard;
			sourceTree = "<group>";
		};
		A3B3A8591CDA2A0300646CF9 /* LaunchScreen.storyboard */ = {
			isa = PBXVariantGroup;
			children = (
				A3B3A85A1CDA2A0300646CF9 /* Base */,
			);
			name = LaunchScreen.storyboard;
			sourceTree = "<group>";
		};
/* End PBXVariantGroup section */

/* Begin XCBuildConfiguration section */
		A3B3A85D1CDA2A0300646CF9 /* Debug */ = {
			isa = XCBuildConfiguration;
			buildSettings = {
				ALWAYS_SEARCH_USER_PATHS = NO;
				CLANG_ANALYZER_NONNULL = YES;
				CLANG_CXX_LANGUAGE_STANDARD = "gnu++0x";
				CLANG_CXX_LIBRARY = "libc++";
				CLANG_ENABLE_MODULES = YES;
				CLANG_ENABLE_OBJC_ARC = YES;
				CLANG_WARN_BOOL_CONVERSION = YES;
				CLANG_WARN_CONSTANT_CONVERSION = YES;
				CLANG_WARN_DIRECT_OBJC_ISA_USAGE = YES_ERROR;
				CLANG_WARN_EMPTY_BODY = YES;
				CLANG_WARN_ENUM_CONVERSION = YES;
				CLANG_WARN_INT_CONVERSION = YES;
				CLANG_WARN_OBJC_ROOT_CLASS = YES_ERROR;
				CLANG_WARN_UNREACHABLE_CODE = YES;
				CLANG_WARN__DUPLICATE_METHOD_MATCH = YES;
				"CODE_SIGN_IDENTITY[sdk=iphoneos*]" = "iPhone Developer";
				COPY_PHASE_STRIP = NO;
				DEBUG_INFORMATION_FORMAT = dwarf;
				ENABLE_STRICT_OBJC_MSGSEND = YES;
				ENABLE_TESTABILITY = YES;
				GCC_C_LANGUAGE_STANDARD = gnu99;
				GCC_DYNAMIC_NO_PIC = NO;
				GCC_NO_COMMON_BLOCKS = YES;
				GCC_OPTIMIZATION_LEVEL = 0;
				GCC_PREPROCESSOR_DEFINITIONS = (
					"DEBUG=1",
					"$(inherited)",
				);
				GCC_WARN_64_TO_32_BIT_CONVERSION = YES;
				GCC_WARN_ABOUT_RETURN_TYPE = YES_ERROR;
				GCC_WARN_UNDECLARED_SELECTOR = YES;
				GCC_WARN_UNINITIALIZED_AUTOS = YES_AGGRESSIVE;
				GCC_WARN_UNUSED_FUNCTION = YES;
				GCC_WARN_UNUSED_VARIABLE = YES;
				IPHONEOS_DEPLOYMENT_TARGET = 9.3;
				MTL_ENABLE_DEBUG_INFO = YES;
				ONLY_ACTIVE_ARCH = YES;
				SDKROOT = iphoneos;
				SWIFT_OPTIMIZATION_LEVEL = "-Onone";
				TARGETED_DEVICE_FAMILY = "1,2";
			};
			name = Debug;
		};
		A3B3A85E1CDA2A0300646CF9 /* Release */ = {
			isa = XCBuildConfiguration;
			buildSettings = {
				ALWAYS_SEARCH_USER_PATHS = NO;
				CLANG_ANALYZER_NONNULL = YES;
				CLANG_CXX_LANGUAGE_STANDARD = "gnu++0x";
				CLANG_CXX_LIBRARY = "libc++";
				CLANG_ENABLE_MODULES = YES;
				CLANG_ENABLE_OBJC_ARC = YES;
				CLANG_WARN_BOOL_CONVERSION = YES;
				CLANG_WARN_CONSTANT_CONVERSION = YES;
				CLANG_WARN_DIRECT_OBJC_ISA_USAGE = YES_ERROR;
				CLANG_WARN_EMPTY_BODY = YES;
				CLANG_WARN_ENUM_CONVERSION = YES;
				CLANG_WARN_INT_CONVERSION = YES;
				CLANG_WARN_OBJC_ROOT_CLASS = YES_ERROR;
				CLANG_WARN_UNREACHABLE_CODE = YES;
				CLANG_WARN__DUPLICATE_METHOD_MATCH = YES;
				"CODE_SIGN_IDENTITY[sdk=iphoneos*]" = "iPhone Developer";
				COPY_PHASE_STRIP = NO;
				DEBUG_INFORMATION_FORMAT = "dwarf-with-dsym";
				ENABLE_NS_ASSERTIONS = NO;
				ENABLE_STRICT_OBJC_MSGSEND = YES;
				GCC_C_LANGUAGE_STANDARD = gnu99;
				GCC_NO_COMMON_BLOCKS = YES;
				GCC_WARN_64_TO_32_BIT_CONVERSION = YES;
				GCC_WARN_ABOUT_RETURN_TYPE = YES_ERROR;
				GCC_WARN_UNDECLARED_SELECTOR = YES;
				GCC_WARN_UNINITIALIZED_AUTOS = YES_AGGRESSIVE;
				GCC_WARN_UNUSED_FUNCTION = YES;
				GCC_WARN_UNUSED_VARIABLE = YES;
				IPHONEOS_DEPLOYMENT_TARGET = 9.3;
				MTL_ENABLE_DEBUG_INFO = NO;
				SDKROOT = iphoneos;
				TARGETED_DEVICE_FAMILY = "1,2";
				VALIDATE_PRODUCT = YES;
			};
			name = Release;
		};
		A3B3A8601CDA2A0300646CF9 /* Debug */ = {
			isa = XCBuildConfiguration;
			buildSettings = {
				ASSETCATALOG_COMPILER_APPICON_NAME = AppIcon;
				INFOPLIST_FILE = "favorite-place/Info.plist";
				LD_RUNPATH_SEARCH_PATHS = "$(inherited) @executable_path/Frameworks";
				PRODUCT_BUNDLE_IDENTIFIER = "com.Techinator.favorite-place";
				PRODUCT_NAME = "$(TARGET_NAME)";
			};
			name = Debug;
		};
		A3B3A8611CDA2A0300646CF9 /* Release */ = {
			isa = XCBuildConfiguration;
			buildSettings = {
				ASSETCATALOG_COMPILER_APPICON_NAME = AppIcon;
				INFOPLIST_FILE = "favorite-place/Info.plist";
				LD_RUNPATH_SEARCH_PATHS = "$(inherited) @executable_path/Frameworks";
				PRODUCT_BUNDLE_IDENTIFIER = "com.Techinator.favorite-place";
				PRODUCT_NAME = "$(TARGET_NAME)";
			};
			name = Release;
		};
/* End XCBuildConfiguration section */

/* Begin XCConfigurationList section */
		A3B3A8481CDA2A0300646CF9 /* Build configuration list for PBXProject "favorite-place" */ = {
			isa = XCConfigurationList;
			buildConfigurations = (
				A3B3A85D1CDA2A0300646CF9 /* Debug */,
				A3B3A85E1CDA2A0300646CF9 /* Release */,
			);
			defaultConfigurationIsVisible = 0;
			defaultConfigurationName = Release;
		};
		A3B3A85F1CDA2A0300646CF9 /* Build configuration list for PBXNativeTarget "favorite-place" */ = {
			isa = XCConfigurationList;
			buildConfigurations = (
				A3B3A8601CDA2A0300646CF9 /* Debug */,
				A3B3A8611CDA2A0300646CF9 /* Release */,
			);
			defaultConfigurationIsVisible = 0;
		};
/* End XCConfigurationList section */
	};
	rootObject = A3B3A8451CDA2A0300646CF9 /* Project object */;
}
